{
  "name": "phonegap-template-blank",
  "version": "1.1.0",
  "lockfileVersion": 1,
  "requires": true,
  "dependencies": {
    "cordova-plugin-vibration": {
      "version": "3.0.0",
      "resolved": "https://registry.npmjs.org/cordova-plugin-vibration/-/cordova-plugin-vibration-3.0.0.tgz",
      "integrity": "sha1-hFkF7R0cKJFXeEyjiaeWj80BUP8="
    }
  }
}
